
Microsoft Visual Studio Solution File, Format Version 12.00
# Visual Studio Version 16
VisualStudioVersion = 16.0.32602.291
MinimumVisualStudioVersion = 10.0.40219.1
Project("{FAE04EC0-301F-11D3-BF4B-00C04F79EFBC}") = "RecuperatorioBrendaMontes.Entidades", "RecuperatorioBrendaMontes.Entidades\RecuperatorioBrendaMontes.Entidades.csproj", "{C245B7DE-1562-45CC-B742-9F5C2A6B17DF}"
EndProject
Project("{FAE04EC0-301F-11D3-BF4B-00C04F79EFBC}") = "RecuperatorioBrendaMontes.Datos", "RecuperatorioBrendaMontes.Datos\RecuperatorioBrendaMontes.Datos.csproj", "{B17C8FA7-40EC-430D-B324-FD19537C2A19}"
EndProject
Project("{FAE04EC0-301F-11D3-BF4B-00C04F79EFBC}") = "RepositorioBrendaMontes.Windows", "RepositorioBrendaMontes.Windows\RepositorioBrendaMontes.Windows.csproj", "{DE733E3A-10CD-4AED-8E64-2331B66810A1}"
EndProject
Global
	GlobalSection(SolutionConfigurationPlatforms) = preSolution
		Debug|Any CPU = Debug|Any CPU
		Release|Any CPU = Release|Any CPU
	EndGlobalSection
	GlobalSection(ProjectConfigurationPlatforms) = postSolution
		{C245B7DE-1562-45CC-B742-9F5C2A6B17DF}.Debug|Any CPU.ActiveCfg = Debug|Any CPU
		{C245B7DE-1562-45CC-B742-9F5C2A6B17DF}.Debug|Any CPU.Build.0 = Debug|Any CPU
		{C245B7DE-1562-45CC-B742-9F5C2A6B17DF}.Release|Any CPU.ActiveCfg = Release|Any CPU
		{C245B7DE-1562-45CC-B742-9F5C2A6B17DF}.Release|Any CPU.Build.0 = Release|Any CPU
		{B17C8FA7-40EC-430D-B324-FD19537C2A19}.Debug|Any CPU.ActiveCfg = Debug|Any CPU
		{B17C8FA7-40EC-430D-B324-FD19537C2A19}.Debug|Any CPU.Build.0 = Debug|Any CPU
		{B17C8FA7-40EC-430D-B324-FD19537C2A19}.Release|Any CPU.ActiveCfg = Release|Any CPU
		{B17C8FA7-40EC-430D-B324-FD19537C2A19}.Release|Any CPU.Build.0 = Release|Any CPU
		{DE733E3A-10CD-4AED-8E64-2331B66810A1}.Debug|Any CPU.ActiveCfg = Debug|Any CPU
		{DE733E3A-10CD-4AED-8E64-2331B66810A1}.Debug|Any CPU.Build.0 = Debug|Any CPU
		{DE733E3A-10CD-4AED-8E64-2331B66810A1}.Release|Any CPU.ActiveCfg = Release|Any CPU
		{DE733E3A-10CD-4AED-8E64-2331B66810A1}.Release|Any CPU.Build.0 = Release|Any CPU
	EndGlobalSection
	GlobalSection(SolutionProperties) = preSolution
		HideSolutionNode = FALSE
	EndGlobalSection
	GlobalSection(ExtensibilityGlobals) = postSolution
		SolutionGuid = {6208568A-6398-44A7-BCAD-2D716A098FFF}
	EndGlobalSection
EndGlobal
